
Microsoft Visual Studio Solution File, Format Version 12.00
# Visual Studio Version 17
VisualStudioVersion = 17.14.36221.1 d17.14
MinimumVisualStudioVersion = 10.0.40219.1
Project("{FAE04EC0-301F-11D3-BF4B-00C04F79EFBC}") = "PizzeriaTcpApp.PizzaService", "PizzeriaTcpApp.PizzaService\PizzeriaTcpApp.PizzaService.csproj", "{A1D51F1D-EC5D-409F-8E95-129DD9B1E1F8}"
EndProject
Project("{FAE04EC0-301F-11D3-BF4B-00C04F79EFBC}") = "TcpRestNetworking", "TcpRestNetworking\TcpRestNetworking.csproj", "{BABE090B-2D39-4961-A8E2-05603CF3D585}"
EndProject
Project("{FAE04EC0-301F-11D3-BF4B-00C04F79EFBC}") = "PizzeriaTcpApp.Wpf", "PizzeriaTcpApp.Wpf\PizzeriaTcpApp.Wpf.csproj", "{11079D25-84F7-4EA9-8B7F-92BD7FCC4518}"
EndProject
Global
	GlobalSection(SolutionConfigurationPlatforms) = preSolution
		Debug|Any CPU = Debug|Any CPU
		Release|Any CPU = Release|Any CPU
	EndGlobalSection
	GlobalSection(ProjectConfigurationPlatforms) = postSolution
		{A1D51F1D-EC5D-409F-8E95-129DD9B1E1F8}.Debug|Any CPU.ActiveCfg = Debug|Any CPU
		{A1D51F1D-EC5D-409F-8E95-129DD9B1E1F8}.Debug|Any CPU.Build.0 = Debug|Any CPU
		{A1D51F1D-EC5D-409F-8E95-129DD9B1E1F8}.Release|Any CPU.ActiveCfg = Release|Any CPU
		{A1D51F1D-EC5D-409F-8E95-129DD9B1E1F8}.Release|Any CPU.Build.0 = Release|Any CPU
		{BABE090B-2D39-4961-A8E2-05603CF3D585}.Debug|Any CPU.ActiveCfg = Debug|Any CPU
		{BABE090B-2D39-4961-A8E2-05603CF3D585}.Debug|Any CPU.Build.0 = Debug|Any CPU
		{BABE090B-2D39-4961-A8E2-05603CF3D585}.Release|Any CPU.ActiveCfg = Release|Any CPU
		{BABE090B-2D39-4961-A8E2-05603CF3D585}.Release|Any CPU.Build.0 = Release|Any CPU
		{11079D25-84F7-4EA9-8B7F-92BD7FCC4518}.Debug|Any CPU.ActiveCfg = Debug|Any CPU
		{11079D25-84F7-4EA9-8B7F-92BD7FCC4518}.Debug|Any CPU.Build.0 = Debug|Any CPU
		{11079D25-84F7-4EA9-8B7F-92BD7FCC4518}.Release|Any CPU.ActiveCfg = Release|Any CPU
		{11079D25-84F7-4EA9-8B7F-92BD7FCC4518}.Release|Any CPU.Build.0 = Release|Any CPU
	EndGlobalSection
	GlobalSection(SolutionProperties) = preSolution
		HideSolutionNode = FALSE
	EndGlobalSection
	GlobalSection(ExtensibilityGlobals) = postSolution
		SolutionGuid = {5DB3F669-0BF6-416E-BC92-C068630C3752}
	EndGlobalSection
EndGlobal
